{
  "requires": true,
  "lockfileVersion": 1,
  "dependencies": {
    "formfirejs": {
      "version": "1.0.1",
      "resolved": "https://registry.npmjs.org/formfirejs/-/formfirejs-1.0.1.tgz",
      "integrity": "sha512-o6MmP3FKDD1XmphFQMAh/96J0E5xI+vBabiQHvqx0oY6Nh6qA83yqwozsnc4bkqCOl81kiwxv3lzZgOz9MkxYA=="
    }
  }
}
